
Microsoft Visual Studio Solution File, Format Version 12.00
# Visual Studio 15
VisualStudioVersion = 15.0.28307.852
MinimumVisualStudioVersion = 10.0.40219.1
Project("{FAE04EC0-301F-11D3-BF4B-00C04F79EFBC}") = "CalculadoraFuncoes", "CalculadoraFuncoes\CalculadoraFuncoes.csproj", "{A7F3D9D7-C61D-460E-9873-29699ECE7536}"
EndProject
Global
	GlobalSection(SolutionConfigurationPlatforms) = preSolution
		Debug|Any CPU = Debug|Any CPU
		Release|Any CPU = Release|Any CPU
	EndGlobalSection
	GlobalSection(ProjectConfigurationPlatforms) = postSolution
		{A7F3D9D7-C61D-460E-9873-29699ECE7536}.Debug|Any CPU.ActiveCfg = Debug|Any CPU
		{A7F3D9D7-C61D-460E-9873-29699ECE7536}.Debug|Any CPU.Build.0 = Debug|Any CPU
		{A7F3D9D7-C61D-460E-9873-29699ECE7536}.Release|Any CPU.ActiveCfg = Release|Any CPU
		{A7F3D9D7-C61D-460E-9873-29699ECE7536}.Release|Any CPU.Build.0 = Release|Any CPU
	EndGlobalSection
	GlobalSection(SolutionProperties) = preSolution
		HideSolutionNode = FALSE
	EndGlobalSection
	GlobalSection(ExtensibilityGlobals) = postSolution
		SolutionGuid = {1DBDEE84-EDAA-4207-A339-DF12EFB512E5}
	EndGlobalSection
EndGlobal
